
Microsoft Visual Studio Solution File, Format Version 12.00
# Visual Studio Version 17
VisualStudioVersion = 17.8.34330.188
MinimumVisualStudioVersion = 10.0.40219.1
Project("{FAE04EC0-301F-11D3-BF4B-00C04F79EFBC}") = "Controle de Estoque", "Controle de Estoque\Controle de Estoque.csproj", "{DE4CE2D4-CFBF-469D-A8D4-431D48514CC0}"
EndProject
Global
	GlobalSection(SolutionConfigurationPlatforms) = preSolution
		Debug|Any CPU = Debug|Any CPU
		Release|Any CPU = Release|Any CPU
	EndGlobalSection
	GlobalSection(ProjectConfigurationPlatforms) = postSolution
		{DE4CE2D4-CFBF-469D-A8D4-431D48514CC0}.Debug|Any CPU.ActiveCfg = Debug|Any CPU
		{DE4CE2D4-CFBF-469D-A8D4-431D48514CC0}.Debug|Any CPU.Build.0 = Debug|Any CPU
		{DE4CE2D4-CFBF-469D-A8D4-431D48514CC0}.Release|Any CPU.ActiveCfg = Release|Any CPU
		{DE4CE2D4-CFBF-469D-A8D4-431D48514CC0}.Release|Any CPU.Build.0 = Release|Any CPU
	EndGlobalSection
	GlobalSection(SolutionProperties) = preSolution
		HideSolutionNode = FALSE
	EndGlobalSection
	GlobalSection(ExtensibilityGlobals) = postSolution
		SolutionGuid = {36C0E0EC-9CBE-46B2-B75D-8DC7596587F6}
	EndGlobalSection
EndGlobal
